
Microsoft Visual Studio Solution File, Format Version 12.00
# Visual Studio 15
VisualStudioVersion = 15.0.28307.106
MinimumVisualStudioVersion = 10.0.40219.1
Project("{FAE04EC0-301F-11D3-BF4B-00C04F79EFBC}") = "ArbolE", "ArbolE\ArbolE.csproj", "{E693E0FE-E98C-474A-94B9-62EB65660840}"
EndProject
Global
	GlobalSection(SolutionConfigurationPlatforms) = preSolution
		Debug|Any CPU = Debug|Any CPU
		Release|Any CPU = Release|Any CPU
	EndGlobalSection
	GlobalSection(ProjectConfigurationPlatforms) = postSolution
		{E693E0FE-E98C-474A-94B9-62EB65660840}.Debug|Any CPU.ActiveCfg = Debug|Any CPU
		{E693E0FE-E98C-474A-94B9-62EB65660840}.Debug|Any CPU.Build.0 = Debug|Any CPU
		{E693E0FE-E98C-474A-94B9-62EB65660840}.Release|Any CPU.ActiveCfg = Release|Any CPU
		{E693E0FE-E98C-474A-94B9-62EB65660840}.Release|Any CPU.Build.0 = Release|Any CPU
	EndGlobalSection
	GlobalSection(SolutionProperties) = preSolution
		HideSolutionNode = FALSE
	EndGlobalSection
	GlobalSection(ExtensibilityGlobals) = postSolution
		SolutionGuid = {15A6D913-33A6-4A1A-96FF-592FA74F706E}
	EndGlobalSection
EndGlobal
